
Microsoft Visual Studio Solution File, Format Version 10.00
# Visual Studio 2008
Project("{8BC9CEB8-8B4A-11D0-8D11-00A0C91BC942}") = "lua", "wxlua\lua\lua.vcproj", "{8C1D1E3E-485C-2241-8878-F94E646305B2}"
EndProject
Project("{8BC9CEB8-8B4A-11D0-8D11-00A0C91BC942}") = "wxlua", "wxlua\wxlua\wxlua.vcproj", "{9E62C478-50F3-4847-B07B-5C7D4C6EFC54}"
	ProjectSection(ProjectDependencies) = postProject
		{8C1D1E3E-485C-2241-8878-F94E646305B2} = {8C1D1E3E-485C-2241-8878-F94E646305B2}
	EndProjectSection
EndProject
Project("{8BC9CEB8-8B4A-11D0-8D11-00A0C91BC942}") = "wxbindbase", "wxlua\wxbind\wxbindbase.vcproj", "{742A6D3A-038A-D840-9F72-963F3ECA3AEE}"
	ProjectSection(ProjectDependencies) = postProject
		{9E62C478-50F3-4847-B07B-5C7D4C6EFC54} = {9E62C478-50F3-4847-B07B-5C7D4C6EFC54}
	EndProjectSection
EndProject
Project("{8BC9CEB8-8B4A-11D0-8D11-00A0C91BC942}") = "wxbindcore", "wxlua\wxbind\wxbindcore.vcproj", "{483C2EEA-7C4F-5F4F-8C39-8D54454ED43F}"
	ProjectSection(ProjectDependencies) = postProject
		{742A6D3A-038A-D840-9F72-963F3ECA3AEE} = {742A6D3A-038A-D840-9F72-963F3ECA3AEE}
	EndProjectSection
EndProject
Project("{8BC9CEB8-8B4A-11D0-8D11-00A0C91BC942}") = "wxbindadv", "wxlua\wxbind\wxbindadv.vcproj", "{EA00EC70-0B69-FB4B-9740-56A3B8B60C0F}"
	ProjectSection(ProjectDependencies) = postProject
		{483C2EEA-7C4F-5F4F-8C39-8D54454ED43F} = {483C2EEA-7C4F-5F4F-8C39-8D54454ED43F}
	EndProjectSection
EndProject
Project("{8BC9CEB8-8B4A-11D0-8D11-00A0C91BC942}") = "wxbindaui", "wxlua\wxbind\wxbindaui.vcproj", "{4365FFFD-B8B5-6049-A532-8F70E541DBD6}"
	ProjectSection(ProjectDependencies) = postProject
		{483C2EEA-7C4F-5F4F-8C39-8D54454ED43F} = {483C2EEA-7C4F-5F4F-8C39-8D54454ED43F}
	EndProjectSection
EndProject
Project("{8BC9CEB8-8B4A-11D0-8D11-00A0C91BC942}") = "wxbindgl", "wxlua\wxbind\wxbindgl.vcproj", "{B00334F6-2135-234B-B4E0-554A160D6F03}"
	ProjectSection(ProjectDependencies) = postProject
		{483C2EEA-7C4F-5F4F-8C39-8D54454ED43F} = {483C2EEA-7C4F-5F4F-8C39-8D54454ED43F}
	EndProjectSection
EndProject
Project("{8BC9CEB8-8B4A-11D0-8D11-00A0C91BC942}") = "wxbindhtml", "wxlua\wxbind\wxbindhtml.vcproj", "{6B056542-371A-C74C-B14F-343231C6A4B3}"
	ProjectSection(ProjectDependencies) = postProject
		{483C2EEA-7C4F-5F4F-8C39-8D54454ED43F} = {483C2EEA-7C4F-5F4F-8C39-8D54454ED43F}
	EndProjectSection
EndProject
Project("{8BC9CEB8-8B4A-11D0-8D11-00A0C91BC942}") = "wxbindmedia", "wxlua\wxbind\wxbindmedia.vcproj", "{A9CA0BF3-AD3D-7448-9565-5183EA936596}"
	ProjectSection(ProjectDependencies) = postProject
		{483C2EEA-7C4F-5F4F-8C39-8D54454ED43F} = {483C2EEA-7C4F-5F4F-8C39-8D54454ED43F}
	EndProjectSection
EndProject
Project("{8BC9CEB8-8B4A-11D0-8D11-00A0C91BC942}") = "wxbindnet", "wxlua\wxbind\wxbindnet.vcproj", "{6085491F-AB82-EC49-B4E8-BE01049A7C6B}"
	ProjectSection(ProjectDependencies) = postProject
		{742A6D3A-038A-D840-9F72-963F3ECA3AEE} = {742A6D3A-038A-D840-9F72-963F3ECA3AEE}
	EndProjectSection
EndProject
Project("{8BC9CEB8-8B4A-11D0-8D11-00A0C91BC942}") = "wxbindrichtext", "wxlua\wxbind\wxbindrichtext.vcproj", "{D71D6CF6-FA4A-804C-97C6-AD3A2EC8ECD9}"
	ProjectSection(ProjectDependencies) = postProject
		{483C2EEA-7C4F-5F4F-8C39-8D54454ED43F} = {483C2EEA-7C4F-5F4F-8C39-8D54454ED43F}
	EndProjectSection
EndProject
Project("{8BC9CEB8-8B4A-11D0-8D11-00A0C91BC942}") = "wxbindxml", "wxlua\wxbind\wxbindxml.vcproj", "{2E93C913-D5B9-3142-872C-CC6B1682B4AB}"
	ProjectSection(ProjectDependencies) = postProject
		{742A6D3A-038A-D840-9F72-963F3ECA3AEE} = {742A6D3A-038A-D840-9F72-963F3ECA3AEE}
	EndProjectSection
EndProject
Project("{8BC9CEB8-8B4A-11D0-8D11-00A0C91BC942}") = "wxbindxrc", "wxlua\wxbind\wxbindxrc.vcproj", "{AD31AEED-015F-E340-9969-20D9D1AC4075}"
	ProjectSection(ProjectDependencies) = postProject
		{2E93C913-D5B9-3142-872C-CC6B1682B4AB} = {2E93C913-D5B9-3142-872C-CC6B1682B4AB}
		{6B056542-371A-C74C-B14F-343231C6A4B3} = {6B056542-371A-C74C-B14F-343231C6A4B3}
		{EA00EC70-0B69-FB4B-9740-56A3B8B60C0F} = {EA00EC70-0B69-FB4B-9740-56A3B8B60C0F}
	EndProjectSection
EndProject
Project("{8BC9CEB8-8B4A-11D0-8D11-00A0C91BC942}") = "XWord", "XWord.vcproj", "{1F5161EA-3E7C-4349-86DC-E024D1FC1F98}"
	ProjectSection(ProjectDependencies) = postProject
		{EA00EC70-0B69-FB4B-9740-56A3B8B60C0F} = {EA00EC70-0B69-FB4B-9740-56A3B8B60C0F}
		{4365FFFD-B8B5-6049-A532-8F70E541DBD6} = {4365FFFD-B8B5-6049-A532-8F70E541DBD6}
		{742A6D3A-038A-D840-9F72-963F3ECA3AEE} = {742A6D3A-038A-D840-9F72-963F3ECA3AEE}
		{483C2EEA-7C4F-5F4F-8C39-8D54454ED43F} = {483C2EEA-7C4F-5F4F-8C39-8D54454ED43F}
		{6B056542-371A-C74C-B14F-343231C6A4B3} = {6B056542-371A-C74C-B14F-343231C6A4B3}
		{A9CA0BF3-AD3D-7448-9565-5183EA936596} = {A9CA0BF3-AD3D-7448-9565-5183EA936596}
		{6085491F-AB82-EC49-B4E8-BE01049A7C6B} = {6085491F-AB82-EC49-B4E8-BE01049A7C6B}
		{2E93C913-D5B9-3142-872C-CC6B1682B4AB} = {2E93C913-D5B9-3142-872C-CC6B1682B4AB}
		{AD31AEED-015F-E340-9969-20D9D1AC4075} = {AD31AEED-015F-E340-9969-20D9D1AC4075}
	EndProjectSection
EndProject
Global
	GlobalSection(SolutionConfigurationPlatforms) = preSolution
		Debug|Win32 = Debug|Win32
		Release|Win32 = Release|Win32
	EndGlobalSection
	GlobalSection(ProjectConfigurationPlatforms) = postSolution
		{8C1D1E3E-485C-2241-8878-F94E646305B2}.Debug|Win32.ActiveCfg = Debug|Win32
		{8C1D1E3E-485C-2241-8878-F94E646305B2}.Debug|Win32.Build.0 = Debug|Win32
		{8C1D1E3E-485C-2241-8878-F94E646305B2}.Release|Win32.ActiveCfg = Release|Win32
		{8C1D1E3E-485C-2241-8878-F94E646305B2}.Release|Win32.Build.0 = Release|Win32
		{9E62C478-50F3-4847-B07B-5C7D4C6EFC54}.Debug|Win32.ActiveCfg = Debug|Win32
		{9E62C478-50F3-4847-B07B-5C7D4C6EFC54}.Debug|Win32.Build.0 = Debug|Win32
		{9E62C478-50F3-4847-B07B-5C7D4C6EFC54}.Release|Win32.ActiveCfg = Release|Win32
		{9E62C478-50F3-4847-B07B-5C7D4C6EFC54}.Release|Win32.Build.0 = Release|Win32
		{742A6D3A-038A-D840-9F72-963F3ECA3AEE}.Debug|Win32.ActiveCfg = Debug|Win32
		{742A6D3A-038A-D840-9F72-963F3ECA3AEE}.Debug|Win32.Build.0 = Debug|Win32
		{742A6D3A-038A-D840-9F72-963F3ECA3AEE}.Release|Win32.ActiveCfg = Release|Win32
		{742A6D3A-038A-D840-9F72-963F3ECA3AEE}.Release|Win32.Build.0 = Release|Win32
		{483C2EEA-7C4F-5F4F-8C39-8D54454ED43F}.Debug|Win32.ActiveCfg = Debug|Win32
		{483C2EEA-7C4F-5F4F-8C39-8D54454ED43F}.Debug|Win32.Build.0 = Debug|Win32
		{483C2EEA-7C4F-5F4F-8C39-8D54454ED43F}.Release|Win32.ActiveCfg = Release|Win32
		{483C2EEA-7C4F-5F4F-8C39-8D54454ED43F}.Release|Win32.Build.0 = Release|Win32
		{EA00EC70-0B69-FB4B-9740-56A3B8B60C0F}.Debug|Win32.ActiveCfg = Debug|Win32
		{EA00EC70-0B69-FB4B-9740-56A3B8B60C0F}.Debug|Win32.Build.0 = Debug|Win32
		{EA00EC70-0B69-FB4B-9740-56A3B8B60C0F}.Release|Win32.ActiveCfg = Release|Win32
		{EA00EC70-0B69-FB4B-9740-56A3B8B60C0F}.Release|Win32.Build.0 = Release|Win32
		{4365FFFD-B8B5-6049-A532-8F70E541DBD6}.Debug|Win32.ActiveCfg = Debug|Win32
		{4365FFFD-B8B5-6049-A532-8F70E541DBD6}.Debug|Win32.Build.0 = Debug|Win32
		{4365FFFD-B8B5-6049-A532-8F70E541DBD6}.Release|Win32.ActiveCfg = Release|Win32
		{4365FFFD-B8B5-6049-A532-8F70E541DBD6}.Release|Win32.Build.0 = Release|Win32
		{B00334F6-2135-234B-B4E0-554A160D6F03}.Debug|Win32.ActiveCfg = Debug|Win32
		{B00334F6-2135-234B-B4E0-554A160D6F03}.Debug|Win32.Build.0 = Debug|Win32
		{B00334F6-2135-234B-B4E0-554A160D6F03}.Release|Win32.ActiveCfg = Release|Win32
		{B00334F6-2135-234B-B4E0-554A160D6F03}.Release|Win32.Build.0 = Release|Win32
		{6B056542-371A-C74C-B14F-343231C6A4B3}.Debug|Win32.ActiveCfg = Debug|Win32
		{6B056542-371A-C74C-B14F-343231C6A4B3}.Debug|Win32.Build.0 = Debug|Win32
		{6B056542-371A-C74C-B14F-343231C6A4B3}.Release|Win32.ActiveCfg = Release|Win32
		{6B056542-371A-C74C-B14F-343231C6A4B3}.Release|Win32.Build.0 = Release|Win32
		{A9CA0BF3-AD3D-7448-9565-5183EA936596}.Debug|Win32.ActiveCfg = Debug|Win32
		{A9CA0BF3-AD3D-7448-9565-5183EA936596}.Debug|Win32.Build.0 = Debug|Win32
		{A9CA0BF3-AD3D-7448-9565-5183EA936596}.Release|Win32.ActiveCfg = Release|Win32
		{A9CA0BF3-AD3D-7448-9565-5183EA936596}.Release|Win32.Build.0 = Release|Win32
		{6085491F-AB82-EC49-B4E8-BE01049A7C6B}.Debug|Win32.ActiveCfg = Debug|Win32
		{6085491F-AB82-EC49-B4E8-BE01049A7C6B}.Debug|Win32.Build.0 = Debug|Win32
		{6085491F-AB82-EC49-B4E8-BE01049A7C6B}.Release|Win32.ActiveCfg = Release|Win32
		{6085491F-AB82-EC49-B4E8-BE01049A7C6B}.Release|Win32.Build.0 = Release|Win32
		{D71D6CF6-FA4A-804C-97C6-AD3A2EC8ECD9}.Debug|Win32.ActiveCfg = Debug|Win32
		{D71D6CF6-FA4A-804C-97C6-AD3A2EC8ECD9}.Debug|Win32.Build.0 = Debug|Win32
		{D71D6CF6-FA4A-804C-97C6-AD3A2EC8ECD9}.Release|Win32.ActiveCfg = Release|Win32
		{D71D6CF6-FA4A-804C-97C6-AD3A2EC8ECD9}.Release|Win32.Build.0 = Release|Win32
		{2E93C913-D5B9-3142-872C-CC6B1682B4AB}.Debug|Win32.ActiveCfg = Debug|Win32
		{2E93C913-D5B9-3142-872C-CC6B1682B4AB}.Debug|Win32.Build.0 = Debug|Win32
		{2E93C913-D5B9-3142-872C-CC6B1682B4AB}.Release|Win32.ActiveCfg = Release|Win32
		{2E93C913-D5B9-3142-872C-CC6B1682B4AB}.Release|Win32.Build.0 = Release|Win32
		{AD31AEED-015F-E340-9969-20D9D1AC4075}.Debug|Win32.ActiveCfg = Debug|Win32
		{AD31AEED-015F-E340-9969-20D9D1AC4075}.Debug|Win32.Build.0 = Debug|Win32
		{AD31AEED-015F-E340-9969-20D9D1AC4075}.Release|Win32.ActiveCfg = Release|Win32
		{AD31AEED-015F-E340-9969-20D9D1AC4075}.Release|Win32.Build.0 = Release|Win32
		{1F5161EA-3E7C-4349-86DC-E024D1FC1F98}.Debug|Win32.ActiveCfg = Debug|Win32
		{1F5161EA-3E7C-4349-86DC-E024D1FC1F98}.Debug|Win32.Build.0 = Debug|Win32
		{1F5161EA-3E7C-4349-86DC-E024D1FC1F98}.Release|Win32.ActiveCfg = Release|Win32
		{1F5161EA-3E7C-4349-86DC-E024D1FC1F98}.Release|Win32.Build.0 = Release|Win32
	EndGlobalSection
	GlobalSection(SolutionProperties) = preSolution
		HideSolutionNode = FALSE
	EndGlobalSection
EndGlobal
